
Microsoft Visual Studio Solution File, Format Version 12.00
# Visual Studio 15
VisualStudioVersion = 15.0.27703.2042
MinimumVisualStudioVersion = 10.0.40219.1
Project("{8BC9CEB8-8B4A-11D0-8D11-00A0C91BC942}") = "Scrutiny", "Scrutiny\Scrutiny.vcxproj", "{A60AB21C-CB81-4EAD-91C7-B86688EFFEF8}"
EndProject
Project("{8BC9CEB8-8B4A-11D0-8D11-00A0C91BC942}") = "ScrutinyConsoleTesting", "ScrutinyConsoleTesting\ScrutinyConsoleTesting.vcxproj", "{DC313C87-523A-450D-A948-DF33C59537A0}"
EndProject
Project("{FAE04EC0-301F-11D3-BF4B-00C04F79EFBC}") = "CSharp_Scrutiny_Testing", "CSharp_Scrutiny_Testing\CSharp_Scrutiny_Testing.csproj", "{6CA44AC6-26D4-4DF7-8865-30982667EE83}"
EndProject
Global
	GlobalSection(SolutionConfigurationPlatforms) = preSolution
		Debug|Any CPU = Debug|Any CPU
		Debug|x64 = Debug|x64
		Debug|x86 = Debug|x86
		Release|Any CPU = Release|Any CPU
		Release|x64 = Release|x64
		Release|x86 = Release|x86
	EndGlobalSection
	GlobalSection(ProjectConfigurationPlatforms) = postSolution
		{A60AB21C-CB81-4EAD-91C7-B86688EFFEF8}.Debug|Any CPU.ActiveCfg = Debug|Win32
		{A60AB21C-CB81-4EAD-91C7-B86688EFFEF8}.Debug|x64.ActiveCfg = Debug|x64
		{A60AB21C-CB81-4EAD-91C7-B86688EFFEF8}.Debug|x64.Build.0 = Debug|x64
		{A60AB21C-CB81-4EAD-91C7-B86688EFFEF8}.Debug|x86.ActiveCfg = Debug|Win32
		{A60AB21C-CB81-4EAD-91C7-B86688EFFEF8}.Debug|x86.Build.0 = Debug|Win32
		{A60AB21C-CB81-4EAD-91C7-B86688EFFEF8}.Release|Any CPU.ActiveCfg = Release|Win32
		{A60AB21C-CB81-4EAD-91C7-B86688EFFEF8}.Release|x64.ActiveCfg = Release|x64
		{A60AB21C-CB81-4EAD-91C7-B86688EFFEF8}.Release|x64.Build.0 = Release|x64
		{A60AB21C-CB81-4EAD-91C7-B86688EFFEF8}.Release|x86.ActiveCfg = Release|Win32
		{A60AB21C-CB81-4EAD-91C7-B86688EFFEF8}.Release|x86.Build.0 = Release|Win32
		{DC313C87-523A-450D-A948-DF33C59537A0}.Debug|Any CPU.ActiveCfg = Debug|Win32
		{DC313C87-523A-450D-A948-DF33C59537A0}.Debug|x64.ActiveCfg = Debug|x64
		{DC313C87-523A-450D-A948-DF33C59537A0}.Debug|x64.Build.0 = Debug|x64
		{DC313C87-523A-450D-A948-DF33C59537A0}.Debug|x86.ActiveCfg = Debug|Win32
		{DC313C87-523A-450D-A948-DF33C59537A0}.Debug|x86.Build.0 = Debug|Win32
		{DC313C87-523A-450D-A948-DF33C59537A0}.Release|Any CPU.ActiveCfg = Release|Win32
		{DC313C87-523A-450D-A948-DF33C59537A0}.Release|x64.ActiveCfg = Release|x64
		{DC313C87-523A-450D-A948-DF33C59537A0}.Release|x64.Build.0 = Release|x64
		{DC313C87-523A-450D-A948-DF33C59537A0}.Release|x86.ActiveCfg = Release|Win32
		{DC313C87-523A-450D-A948-DF33C59537A0}.Release|x86.Build.0 = Release|Win32
		{6CA44AC6-26D4-4DF7-8865-30982667EE83}.Debug|Any CPU.ActiveCfg = Debug|Any CPU
		{6CA44AC6-26D4-4DF7-8865-30982667EE83}.Debug|Any CPU.Build.0 = Debug|Any CPU
		{6CA44AC6-26D4-4DF7-8865-30982667EE83}.Debug|x64.ActiveCfg = Debug|Any CPU
		{6CA44AC6-26D4-4DF7-8865-30982667EE83}.Debug|x64.Build.0 = Debug|Any CPU
		{6CA44AC6-26D4-4DF7-8865-30982667EE83}.Debug|x86.ActiveCfg = Debug|Any CPU
		{6CA44AC6-26D4-4DF7-8865-30982667EE83}.Debug|x86.Build.0 = Debug|Any CPU
		{6CA44AC6-26D4-4DF7-8865-30982667EE83}.Release|Any CPU.ActiveCfg = Release|Any CPU
		{6CA44AC6-26D4-4DF7-8865-30982667EE83}.Release|Any CPU.Build.0 = Release|Any CPU
		{6CA44AC6-26D4-4DF7-8865-30982667EE83}.Release|x64.ActiveCfg = Release|Any CPU
		{6CA44AC6-26D4-4DF7-8865-30982667EE83}.Release|x64.Build.0 = Release|Any CPU
		{6CA44AC6-26D4-4DF7-8865-30982667EE83}.Release|x86.ActiveCfg = Release|Any CPU
		{6CA44AC6-26D4-4DF7-8865-30982667EE83}.Release|x86.Build.0 = Release|Any CPU
	EndGlobalSection
	GlobalSection(SolutionProperties) = preSolution
		HideSolutionNode = FALSE
	EndGlobalSection
	GlobalSection(ExtensibilityGlobals) = postSolution
		SolutionGuid = {D0A7DC2E-E9E9-497F-838C-6611C4CA8383}
	EndGlobalSection
EndGlobal
